// !$*UTF8*$!
{
	archiveVersion = 1;
	classes = {
	};
	objectVersion = 56;
	objects = {

/* Begin PBXBuildFile section */
		A9E7FD832CD93BFE001A762A /* AppDelegate.swift in Sources */ = {isa = PBXBuildFile; fileRef = A9E7FD822CD93BFE001A762A /* AppDelegate.swift */; };
		A9E7FD852CD93BFE001A762A /* SceneDelegate.swift in Sources */ = {isa = PBXBuildFile; fileRef = A9E7FD842CD93BFE001A762A /* SceneDelegate.swift */; };
		A9E7FD8C2CD93C01001A762A /* Assets.xcassets in Resources */ = {isa = PBXBuildFile; fileRef = A9E7FD8B2CD93C01001A762A /* Assets.xcassets */; };
		F2CF3E652D0CCE3400D62307 /* PlaceAnnotation.swift in Sources */ = {isa = PBXBuildFile; fileRef = F2CF3E642D0CCE3400D62307 /* PlaceAnnotation.swift */; };
		F2CF3E682D0CFBF600D62307 /* DetailsViewController.swift in Sources */ = {isa = PBXBuildFile; fileRef = F2CF3E672D0CFBF600D62307 /* DetailsViewController.swift */; };
		F2CF3E6A2D0D190300D62307 /* WelcomeFlowDelegate.swift in Sources */ = {isa = PBXBuildFile; fileRef = F2CF3E692D0D190300D62307 /* WelcomeFlowDelegate.swift */; };
		F2E482BD2D0A666A0076C369 /* TipsView.swift in Sources */ = {isa = PBXBuildFile; fileRef = F2E482BC2D0A666A0076C369 /* TipsView.swift */; };
		F2E482C02D0A6A840076C369 /* WelcomeView.swift in Sources */ = {isa = PBXBuildFile; fileRef = F2E482BF2D0A6A840076C369 /* WelcomeView.swift */; };
		F2E482C22D0A708A0076C369 /* WelcomeViewController.swift in Sources */ = {isa = PBXBuildFile; fileRef = F2E482C12D0A70810076C369 /* WelcomeViewController.swift */; };
		F2E482C52D0A75AE0076C369 /* UIViewController+ext.swift in Sources */ = {isa = PBXBuildFile; fileRef = F2E482C42D0A75AE0076C369 /* UIViewController+ext.swift */; };
		F2E482C72D0A77430076C369 /* SplashFlowDelegate.swift in Sources */ = {isa = PBXBuildFile; fileRef = F2E482C62D0A77430076C369 /* SplashFlowDelegate.swift */; };
		F2E5D07A2D090F3000F3B037 /* Colors.swift in Sources */ = {isa = PBXBuildFile; fileRef = F2E5D0792D090F2C00F3B037 /* Colors.swift */; };
		F2E5D07D2D09109200F3B037 /* NearbyFlowController.swift in Sources */ = {isa = PBXBuildFile; fileRef = F2E5D07C2D09109200F3B037 /* NearbyFlowController.swift */; };
		F2E5D0812D09130200F3B037 /* SplashViewController.swift in Sources */ = {isa = PBXBuildFile; fileRef = F2E5D0802D09130200F3B037 /* SplashViewController.swift */; };
		F2E5D0832D09136400F3B037 /* SplashView.swift in Sources */ = {isa = PBXBuildFile; fileRef = F2E5D0822D09136400F3B037 /* SplashView.swift */; };
		F2FF924A2D0BC51800FA5D6B /* Typography.swift in Sources */ = {isa = PBXBuildFile; fileRef = F2FF92492D0BC51800FA5D6B /* Typography.swift */; };
		F2FF924D2D0BCC9300FA5D6B /* HomeView.swift in Sources */ = {isa = PBXBuildFile; fileRef = F2FF924C2D0BCC9300FA5D6B /* HomeView.swift */; };
		F2FF924F2D0BCCA500FA5D6B /* HomeViewController.swift in Sources */ = {isa = PBXBuildFile; fileRef = F2FF924E2D0BCCA500FA5D6B /* HomeViewController.swift */; };
		F2FF92522D0BCF7500FA5D6B /* PlaceTableViewCell.swift in Sources */ = {isa = PBXBuildFile; fileRef = F2FF92512D0BCF7500FA5D6B /* PlaceTableViewCell.swift */; };
		F2FF92552D0BD77900FA5D6B /* PlaceModel.swift in Sources */ = {isa = PBXBuildFile; fileRef = F2FF92542D0BD77900FA5D6B /* PlaceModel.swift */; };
		F2FF92572D0BE48B00FA5D6B /* Category.swift in Sources */ = {isa = PBXBuildFile; fileRef = F2FF92562D0BE48B00FA5D6B /* Category.swift */; };
		F2FF925A2D0BE4CD00FA5D6B /* HomeViewModel.swift in Sources */ = {isa = PBXBuildFile; fileRef = F2FF92592D0BE4CD00FA5D6B /* HomeViewModel.swift */; };
/* End PBXBuildFile section */

/* Begin PBXFileReference section */
		A9E7FD7F2CD93BFE001A762A /* NearbyApp NLW.app */ = {isa = PBXFileReference; explicitFileType = wrapper.application; includeInIndex = 0; path = "NearbyApp NLW.app"; sourceTree = BUILT_PRODUCTS_DIR; };
		A9E7FD822CD93BFE001A762A /* AppDelegate.swift */ = {isa = PBXFileReference; lastKnownFileType = sourcecode.swift; path = AppDelegate.swift; sourceTree = "<group>"; };
		A9E7FD842CD93BFE001A762A /* SceneDelegate.swift */ = {isa = PBXFileReference; lastKnownFileType = sourcecode.swift; path = SceneDelegate.swift; sourceTree = "<group>"; };
		A9E7FD8B2CD93C01001A762A /* Assets.xcassets */ = {isa = PBXFileReference; lastKnownFileType = folder.assetcatalog; path = Assets.xcassets; sourceTree = "<group>"; };
		A9E7FD902CD93C01001A762A /* Info.plist */ = {isa = PBXFileReference; lastKnownFileType = text.plist.xml; path = Info.plist; sourceTree = "<group>"; };
		F2CF3E642D0CCE3400D62307 /* PlaceAnnotation.swift */ = {isa = PBXFileReference; lastKnownFileType = sourcecode.swift; path = PlaceAnnotation.swift; sourceTree = "<group>"; };
		F2CF3E672D0CFBF600D62307 /* DetailsViewController.swift */ = {isa = PBXFileReference; lastKnownFileType = sourcecode.swift; path = DetailsViewController.swift; sourceTree = "<group>"; };
		F2CF3E692D0D190300D62307 /* WelcomeFlowDelegate.swift */ = {isa = PBXFileReference; lastKnownFileType = sourcecode.swift; path = WelcomeFlowDelegate.swift; sourceTree = "<group>"; };
		F2E482BC2D0A666A0076C369 /* TipsView.swift */ = {isa = PBXFileReference; lastKnownFileType = sourcecode.swift; path = TipsView.swift; sourceTree = "<group>"; };
		F2E482BF2D0A6A840076C369 /* WelcomeView.swift */ = {isa = PBXFileReference; lastKnownFileType = sourcecode.swift; path = WelcomeView.swift; sourceTree = "<group>"; };
		F2E482C12D0A70810076C369 /* WelcomeViewController.swift */ = {isa = PBXFileReference; lastKnownFileType = sourcecode.swift; path = WelcomeViewController.swift; sourceTree = "<group>"; };
		F2E482C42D0A75AE0076C369 /* UIViewController+ext.swift */ = {isa = PBXFileReference; lastKnownFileType = sourcecode.swift; path = "UIViewController+ext.swift"; sourceTree = "<group>"; };
		F2E482C62D0A77430076C369 /* SplashFlowDelegate.swift */ = {isa = PBXFileReference; lastKnownFileType = sourcecode.swift; path = SplashFlowDelegate.swift; sourceTree = "<group>"; };
		F2E5D0792D090F2C00F3B037 /* Colors.swift */ = {isa = PBXFileReference; lastKnownFileType = sourcecode.swift; path = Colors.swift; sourceTree = "<group>"; };
		F2E5D07C2D09109200F3B037 /* NearbyFlowController.swift */ = {isa = PBXFileReference; lastKnownFileType = sourcecode.swift; path = NearbyFlowController.swift; sourceTree = "<group>"; };
		F2E5D0802D09130200F3B037 /* SplashViewController.swift */ = {isa = PBXFileReference; lastKnownFileType = sourcecode.swift; path = SplashViewController.swift; sourceTree = "<group>"; };
		F2E5D0822D09136400F3B037 /* SplashView.swift */ = {isa = PBXFileReference; lastKnownFileType = sourcecode.swift; path = SplashView.swift; sourceTree = "<group>"; };
		F2FF92492D0BC51800FA5D6B /* Typography.swift */ = {isa = PBXFileReference; lastKnownFileType = sourcecode.swift; path = Typography.swift; sourceTree = "<group>"; };
		F2FF924C2D0BCC9300FA5D6B /* HomeView.swift */ = {isa = PBXFileReference; lastKnownFileType = sourcecode.swift; path = HomeView.swift; sourceTree = "<group>"; };
		F2FF924E2D0BCCA500FA5D6B /* HomeViewController.swift */ = {isa = PBXFileReference; lastKnownFileType = sourcecode.swift; path = HomeViewController.swift; sourceTree = "<group>"; };
		F2FF92512D0BCF7500FA5D6B /* PlaceTableViewCell.swift */ = {isa = PBXFileReference; lastKnownFileType = sourcecode.swift; path = PlaceTableViewCell.swift; sourceTree = "<group>"; };
		F2FF92542D0BD77900FA5D6B /* PlaceModel.swift */ = {isa = PBXFileReference; lastKnownFileType = sourcecode.swift; path = PlaceModel.swift; sourceTree = "<group>"; };
		F2FF92562D0BE48B00FA5D6B /* Category.swift */ = {isa = PBXFileReference; lastKnownFileType = sourcecode.swift; path = Category.swift; sourceTree = "<group>"; };
		F2FF92592D0BE4CD00FA5D6B /* HomeViewModel.swift */ = {isa = PBXFileReference; lastKnownFileType = sourcecode.swift; path = HomeViewModel.swift; sourceTree = "<group>"; };
/* End PBXFileReference section */

/* Begin PBXFrameworksBuildPhase section */
		A9E7FD7C2CD93BFE001A762A /* Frameworks */ = {
			isa = PBXFrameworksBuildPhase;
			buildActionMask = 2147483647;
			files = (
			);
			runOnlyForDeploymentPostprocessing = 0;
		};
/* End PBXFrameworksBuildPhase section */

/* Begin PBXGroup section */
		A9E7FD762CD93BFE001A762A = {
			isa = PBXGroup;
			children = (
				A9E7FD812CD93BFE001A762A /* NearbyApp NLW */,
				A9E7FD802CD93BFE001A762A /* Products */,
			);
			sourceTree = "<group>";
		};
		A9E7FD802CD93BFE001A762A /* Products */ = {
			isa = PBXGroup;
			children = (
				A9E7FD7F2CD93BFE001A762A /* NearbyApp NLW.app */,
			);
			name = Products;
			sourceTree = "<group>";
		};
		A9E7FD812CD93BFE001A762A /* NearbyApp NLW */ = {
			isa = PBXGroup;
			children = (
				A9E7FD902CD93C01001A762A /* Info.plist */,
				A9E7FD972CD93C1C001A762A /* Resources */,
				A9E7FD962CD93C17001A762A /* Sources */,
				A9E7FD822CD93BFE001A762A /* AppDelegate.swift */,
				A9E7FD842CD93BFE001A762A /* SceneDelegate.swift */,
			);
			path = "NearbyApp NLW";
			sourceTree = "<group>";
		};
		A9E7FD962CD93C17001A762A /* Sources */ = {
			isa = PBXGroup;
			children = (
				A9E7FD992CD93C84001A762A /* Constants */,
				A9E7FD982CD93C7F001A762A /* Features */,
			);
			path = Sources;
			sourceTree = "<group>";
		};
		A9E7FD972CD93C1C001A762A /* Resources */ = {
			isa = PBXGroup;
			children = (
				A9E7FD8B2CD93C01001A762A /* Assets.xcassets */,
			);
			path = Resources;
			sourceTree = "<group>";
		};
		A9E7FD982CD93C7F001A762A /* Features */ = {
			isa = PBXGroup;
			children = (
				F2FF92532D0BD75C00FA5D6B /* Models */,
				F2E482C32D0A75860076C369 /* Extensions */,
				F2E482BB2D0A66540076C369 /* Components */,
				F2E5D07F2D0912E700F3B037 /* Scenes */,
				F2E5D07B2D09105100F3B037 /* Coordinator */,
			);
			path = Features;
			sourceTree = "<group>";
		};
		A9E7FD992CD93C84001A762A /* Constants */ = {
			isa = PBXGroup;
			children = (
				F2E5D0792D090F2C00F3B037 /* Colors.swift */,
				F2FF92492D0BC51800FA5D6B /* Typography.swift */,
			);
			path = Constants;
			sourceTree = "<group>";
		};
		F2CF3E662D0CFBE000D62307 /* Detail */ = {
			isa = PBXGroup;
			children = (
				F2CF3E672D0CFBF600D62307 /* DetailsViewController.swift */,
			);
			path = Detail;
			sourceTree = "<group>";
		};
		F2E482BB2D0A66540076C369 /* Components */ = {
			isa = PBXGroup;
			children = (
				F2E482BC2D0A666A0076C369 /* TipsView.swift */,
			);
			path = Components;
			sourceTree = "<group>";
		};
		F2E482BE2D0A6A730076C369 /* WelcomeView */ = {
			isa = PBXGroup;
			children = (
				F2E482C12D0A70810076C369 /* WelcomeViewController.swift */,
				F2E482BF2D0A6A840076C369 /* WelcomeView.swift */,
				F2CF3E692D0D190300D62307 /* WelcomeFlowDelegate.swift */,
			);
			path = WelcomeView;
			sourceTree = "<group>";
		};
		F2E482C32D0A75860076C369 /* Extensions */ = {
			isa = PBXGroup;
			children = (
				F2E482C42D0A75AE0076C369 /* UIViewController+ext.swift */,
			);
			path = Extensions;
			sourceTree = "<group>";
		};
		F2E5D07B2D09105100F3B037 /* Coordinator */ = {
			isa = PBXGroup;
			children = (
				F2E5D07C2D09109200F3B037 /* NearbyFlowController.swift */,
			);
			path = Coordinator;
			sourceTree = "<group>";
		};
		F2E5D07E2D0912D300F3B037 /* Splash */ = {
			isa = PBXGroup;
			children = (
				F2E5D0802D09130200F3B037 /* SplashViewController.swift */,
				F2E5D0822D09136400F3B037 /* SplashView.swift */,
				F2E482C62D0A77430076C369 /* SplashFlowDelegate.swift */,
			);
			path = Splash;
			sourceTree = "<group>";
		};
		F2E5D07F2D0912E700F3B037 /* Scenes */ = {
			isa = PBXGroup;
			children = (
				F2CF3E662D0CFBE000D62307 /* Detail */,
				F2FF924B2D0BCC7500FA5D6B /* HomeView */,
				F2E482BE2D0A6A730076C369 /* WelcomeView */,
				F2E5D07E2D0912D300F3B037 /* Splash */,
			);
			path = Scenes;
			sourceTree = "<group>";
		};
		F2FF924B2D0BCC7500FA5D6B /* HomeView */ = {
			isa = PBXGroup;
			children = (
				F2FF92582D0BE4BD00FA5D6B /* ViewModel */,
				F2FF92502D0BCF5700FA5D6B /* TableViewCell */,
				F2FF924C2D0BCC9300FA5D6B /* HomeView.swift */,
				F2FF924E2D0BCCA500FA5D6B /* HomeViewController.swift */,
			);
			path = HomeView;
			sourceTree = "<group>";
		};
		F2FF92502D0BCF5700FA5D6B /* TableViewCell */ = {
			isa = PBXGroup;
			children = (
				F2FF92512D0BCF7500FA5D6B /* PlaceTableViewCell.swift */,
			);
			path = TableViewCell;
			sourceTree = "<group>";
		};
		F2FF92532D0BD75C00FA5D6B /* Models */ = {
			isa = PBXGroup;
			children = (
				F2FF92542D0BD77900FA5D6B /* PlaceModel.swift */,
				F2FF92562D0BE48B00FA5D6B /* Category.swift */,
				F2CF3E642D0CCE3400D62307 /* PlaceAnnotation.swift */,
			);
			path = Models;
			sourceTree = "<group>";
		};
		F2FF92582D0BE4BD00FA5D6B /* ViewModel */ = {
			isa = PBXGroup;
			children = (
				F2FF92592D0BE4CD00FA5D6B /* HomeViewModel.swift */,
			);
			path = ViewModel;
			sourceTree = "<group>";
		};
/* End PBXGroup section */

/* Begin PBXNativeTarget section */
		A9E7FD7E2CD93BFE001A762A /* NearbyApp NLW */ = {
			isa = PBXNativeTarget;
			buildConfigurationList = A9E7FD932CD93C01001A762A /* Build configuration list for PBXNativeTarget "NearbyApp NLW" */;
			buildPhases = (
				A9E7FD7B2CD93BFE001A762A /* Sources */,
				A9E7FD7C2CD93BFE001A762A /* Frameworks */,
				A9E7FD7D2CD93BFE001A762A /* Resources */,
			);
			buildRules = (
			);
			dependencies = (
			);
			name = "NearbyApp NLW";
			productName = "NearbyApp NLW";
			productReference = A9E7FD7F2CD93BFE001A762A /* NearbyApp NLW.app */;
			productType = "com.apple.product-type.application";
		};
/* End PBXNativeTarget section */

/* Begin PBXProject section */
		A9E7FD772CD93BFE001A762A /* Project object */ = {
			isa = PBXProject;
			attributes = {
				BuildIndependentTargetsInParallel = 1;
				LastSwiftUpdateCheck = 1500;
				LastUpgradeCheck = 1500;
				TargetAttributes = {
					A9E7FD7E2CD93BFE001A762A = {
						CreatedOnToolsVersion = 15.0.1;
					};
				};
			};
			buildConfigurationList = A9E7FD7A2CD93BFE001A762A /* Build configuration list for PBXProject "NearbyApp NLW" */;
			compatibilityVersion = "Xcode 14.0";
			developmentRegion = en;
			hasScannedForEncodings = 0;
			knownRegions = (
				en,
				Base,
			);
			mainGroup = A9E7FD762CD93BFE001A762A;
			productRefGroup = A9E7FD802CD93BFE001A762A /* Products */;
			projectDirPath = "";
			projectRoot = "";
			targets = (
				A9E7FD7E2CD93BFE001A762A /* NearbyApp NLW */,
			);
		};
/* End PBXProject section */

/* Begin PBXResourcesBuildPhase section */
		A9E7FD7D2CD93BFE001A762A /* Resources */ = {
			isa = PBXResourcesBuildPhase;
			buildActionMask = 2147483647;
			files = (
				A9E7FD8C2CD93C01001A762A /* Assets.xcassets in Resources */,
			);
			runOnlyForDeploymentPostprocessing = 0;
		};
/* End PBXResourcesBuildPhase section */

/* Begin PBXSourcesBuildPhase section */
		A9E7FD7B2CD93BFE001A762A /* Sources */ = {
			isa = PBXSourcesBuildPhase;
			buildActionMask = 2147483647;
			files = (
				F2E482C22D0A708A0076C369 /* WelcomeViewController.swift in Sources */,
				F2FF925A2D0BE4CD00FA5D6B /* HomeViewModel.swift in Sources */,
				F2FF92552D0BD77900FA5D6B /* PlaceModel.swift in Sources */,
				A9E7FD832CD93BFE001A762A /* AppDelegate.swift in Sources */,
				F2CF3E6A2D0D190300D62307 /* WelcomeFlowDelegate.swift in Sources */,
				F2FF924D2D0BCC9300FA5D6B /* HomeView.swift in Sources */,
				F2E5D07A2D090F3000F3B037 /* Colors.swift in Sources */,
				F2E5D07D2D09109200F3B037 /* NearbyFlowController.swift in Sources */,
				F2FF924F2D0BCCA500FA5D6B /* HomeViewController.swift in Sources */,
				F2E482C02D0A6A840076C369 /* WelcomeView.swift in Sources */,
				A9E7FD852CD93BFE001A762A /* SceneDelegate.swift in Sources */,
				F2E482BD2D0A666A0076C369 /* TipsView.swift in Sources */,
				F2E5D0812D09130200F3B037 /* SplashViewController.swift in Sources */,
				F2FF92572D0BE48B00FA5D6B /* Category.swift in Sources */,
				F2E482C52D0A75AE0076C369 /* UIViewController+ext.swift in Sources */,
				F2CF3E652D0CCE3400D62307 /* PlaceAnnotation.swift in Sources */,
				F2E482C72D0A77430076C369 /* SplashFlowDelegate.swift in Sources */,
				F2FF924A2D0BC51800FA5D6B /* Typography.swift in Sources */,
				F2E5D0832D09136400F3B037 /* SplashView.swift in Sources */,
				F2FF92522D0BCF7500FA5D6B /* PlaceTableViewCell.swift in Sources */,
				F2CF3E682D0CFBF600D62307 /* DetailsViewController.swift in Sources */,
			);
			runOnlyForDeploymentPostprocessing = 0;
		};
/* End PBXSourcesBuildPhase section */

/* Begin XCBuildConfiguration section */
		A9E7FD912CD93C01001A762A /* Debug */ = {
			isa = XCBuildConfiguration;
			buildSettings = {
				ALWAYS_SEARCH_USER_PATHS = NO;
				ASSETCATALOG_COMPILER_GENERATE_SWIFT_ASSET_SYMBOL_EXTENSIONS = YES;
				CLANG_ANALYZER_NONNULL = YES;
				CLANG_ANALYZER_NUMBER_OBJECT_CONVERSION = YES_AGGRESSIVE;
				CLANG_CXX_LANGUAGE_STANDARD = "gnu++20";
				CLANG_ENABLE_MODULES = YES;
				CLANG_ENABLE_OBJC_ARC = YES;
				CLANG_ENABLE_OBJC_WEAK = YES;
				CLANG_WARN_BLOCK_CAPTURE_AUTORELEASING = YES;
				CLANG_WARN_BOOL_CONVERSION = YES;
				CLANG_WARN_COMMA = YES;
				CLANG_WARN_CONSTANT_CONVERSION = YES;
				CLANG_WARN_DEPRECATED_OBJC_IMPLEMENTATIONS = YES;
				CLANG_WARN_DIRECT_OBJC_ISA_USAGE = YES_ERROR;
				CLANG_WARN_DOCUMENTATION_COMMENTS = YES;
				CLANG_WARN_EMPTY_BODY = YES;
				CLANG_WARN_ENUM_CONVERSION = YES;
				CLANG_WARN_INFINITE_RECURSION = YES;
				CLANG_WARN_INT_CONVERSION = YES;
				CLANG_WARN_NON_LITERAL_NULL_CONVERSION = YES;
				CLANG_WARN_OBJC_IMPLICIT_RETAIN_SELF = YES;
				CLANG_WARN_OBJC_LITERAL_CONVERSION = YES;
				CLANG_WARN_OBJC_ROOT_CLASS = YES_ERROR;
				CLANG_WARN_QUOTED_INCLUDE_IN_FRAMEWORK_HEADER = YES;
				CLANG_WARN_RANGE_LOOP_ANALYSIS = YES;
				CLANG_WARN_STRICT_PROTOTYPES = YES;
				CLANG_WARN_SUSPICIOUS_MOVE = YES;
				CLANG_WARN_UNGUARDED_AVAILABILITY = YES_AGGRESSIVE;
				CLANG_WARN_UNREACHABLE_CODE = YES;
				CLANG_WARN__DUPLICATE_METHOD_MATCH = YES;
				COPY_PHASE_STRIP = NO;
				DEBUG_INFORMATION_FORMAT = dwarf;
				ENABLE_STRICT_OBJC_MSGSEND = YES;
				ENABLE_TESTABILITY = YES;
				ENABLE_USER_SCRIPT_SANDBOXING = YES;
				GCC_C_LANGUAGE_STANDARD = gnu17;
				GCC_DYNAMIC_NO_PIC = NO;
				GCC_NO_COMMON_BLOCKS = YES;
				GCC_OPTIMIZATION_LEVEL = 0;
				GCC_PREPROCESSOR_DEFINITIONS = (
					"DEBUG=1",
					"$(inherited)",
				);
				GCC_WARN_64_TO_32_BIT_CONVERSION = YES;
				GCC_WARN_ABOUT_RETURN_TYPE = YES_ERROR;
				GCC_WARN_UNDECLARED_SELECTOR = YES;
				GCC_WARN_UNINITIALIZED_AUTOS = YES_AGGRESSIVE;
				GCC_WARN_UNUSED_FUNCTION = YES;
				GCC_WARN_UNUSED_VARIABLE = YES;
				IPHONEOS_DEPLOYMENT_TARGET = 17.0;
				LOCALIZATION_PREFERS_STRING_CATALOGS = YES;
				MTL_ENABLE_DEBUG_INFO = INCLUDE_SOURCE;
				MTL_FAST_MATH = YES;
				ONLY_ACTIVE_ARCH = YES;
				SDKROOT = iphoneos;
				SWIFT_ACTIVE_COMPILATION_CONDITIONS = "DEBUG $(inherited)";
				SWIFT_OPTIMIZATION_LEVEL = "-Onone";
			};
			name = Debug;
		};
		A9E7FD922CD93C01001A762A /* Release */ = {
			isa = XCBuildConfiguration;
			buildSettings = {
				ALWAYS_SEARCH_USER_PATHS = NO;
				ASSETCATALOG_COMPILER_GENERATE_SWIFT_ASSET_SYMBOL_EXTENSIONS = YES;
				CLANG_ANALYZER_NONNULL = YES;
				CLANG_ANALYZER_NUMBER_OBJECT_CONVERSION = YES_AGGRESSIVE;
				CLANG_CXX_LANGUAGE_STANDARD = "gnu++20";
				CLANG_ENABLE_MODULES = YES;
				CLANG_ENABLE_OBJC_ARC = YES;
				CLANG_ENABLE_OBJC_WEAK = YES;
				CLANG_WARN_BLOCK_CAPTURE_AUTORELEASING = YES;
				CLANG_WARN_BOOL_CONVERSION = YES;
				CLANG_WARN_COMMA = YES;
				CLANG_WARN_CONSTANT_CONVERSION = YES;
				CLANG_WARN_DEPRECATED_OBJC_IMPLEMENTATIONS = YES;
				CLANG_WARN_DIRECT_OBJC_ISA_USAGE = YES_ERROR;
				CLANG_WARN_DOCUMENTATION_COMMENTS = YES;
				CLANG_WARN_EMPTY_BODY = YES;
				CLANG_WARN_ENUM_CONVERSION = YES;
				CLANG_WARN_INFINITE_RECURSION = YES;
				CLANG_WARN_INT_CONVERSION = YES;
				CLANG_WARN_NON_LITERAL_NULL_CONVERSION = YES;
				CLANG_WARN_OBJC_IMPLICIT_RETAIN_SELF = YES;
				CLANG_WARN_OBJC_LITERAL_CONVERSION = YES;
				CLANG_WARN_OBJC_ROOT_CLASS = YES_ERROR;
				CLANG_WARN_QUOTED_INCLUDE_IN_FRAMEWORK_HEADER = YES;
				CLANG_WARN_RANGE_LOOP_ANALYSIS = YES;
				CLANG_WARN_STRICT_PROTOTYPES = YES;
				CLANG_WARN_SUSPICIOUS_MOVE = YES;
				CLANG_WARN_UNGUARDED_AVAILABILITY = YES_AGGRESSIVE;
				CLANG_WARN_UNREACHABLE_CODE = YES;
				CLANG_WARN__DUPLICATE_METHOD_MATCH = YES;
				COPY_PHASE_STRIP = NO;
				DEBUG_INFORMATION_FORMAT = "dwarf-with-dsym";
				ENABLE_NS_ASSERTIONS = NO;
				ENABLE_STRICT_OBJC_MSGSEND = YES;
				ENABLE_USER_SCRIPT_SANDBOXING = YES;
				GCC_C_LANGUAGE_STANDARD = gnu17;
				GCC_NO_COMMON_BLOCKS = YES;
				GCC_WARN_64_TO_32_BIT_CONVERSION = YES;
				GCC_WARN_ABOUT_RETURN_TYPE = YES_ERROR;
				GCC_WARN_UNDECLARED_SELECTOR = YES;
				GCC_WARN_UNINITIALIZED_AUTOS = YES_AGGRESSIVE;
				GCC_WARN_UNUSED_FUNCTION = YES;
				GCC_WARN_UNUSED_VARIABLE = YES;
				IPHONEOS_DEPLOYMENT_TARGET = 17.0;
				LOCALIZATION_PREFERS_STRING_CATALOGS = YES;
				MTL_ENABLE_DEBUG_INFO = NO;
				MTL_FAST_MATH = YES;
				SDKROOT = iphoneos;
				SWIFT_COMPILATION_MODE = wholemodule;
				VALIDATE_PRODUCT = YES;
			};
			name = Release;
		};
		A9E7FD942CD93C01001A762A /* Debug */ = {
			isa = XCBuildConfiguration;
			buildSettings = {
				ASSETCATALOG_COMPILER_APPICON_NAME = AppIcon;
				ASSETCATALOG_COMPILER_GLOBAL_ACCENT_COLOR_NAME = AccentColor;
				CODE_SIGN_STYLE = Automatic;
				CURRENT_PROJECT_VERSION = 1;
				DEVELOPMENT_TEAM = WNNJ4KX4AX;
				GENERATE_INFOPLIST_FILE = YES;
				INFOPLIST_FILE = "NearbyApp NLW/Info.plist";
				INFOPLIST_KEY_UIApplicationSupportsIndirectInputEvents = YES;
				INFOPLIST_KEY_UILaunchStoryboardName = SplashViewController;
				INFOPLIST_KEY_UISupportedInterfaceOrientations_iPad = "UIInterfaceOrientationPortrait UIInterfaceOrientationPortraitUpsideDown UIInterfaceOrientationLandscapeLeft UIInterfaceOrientationLandscapeRight";
				INFOPLIST_KEY_UISupportedInterfaceOrientations_iPhone = "UIInterfaceOrientationPortrait UIInterfaceOrientationLandscapeLeft UIInterfaceOrientationLandscapeRight";
				LD_RUNPATH_SEARCH_PATHS = (
					"$(inherited)",
					"@executable_path/Frameworks",
				);
				MARKETING_VERSION = 1.0;
				PRODUCT_BUNDLE_IDENTIFIER = "Abidu.NearbyApp-NLW";
				PRODUCT_NAME = "$(TARGET_NAME)";
				SWIFT_EMIT_LOC_STRINGS = YES;
				SWIFT_VERSION = 5.0;
				TARGETED_DEVICE_FAMILY = "1,2";
			};
			name = Debug;
		};
		A9E7FD952CD93C01001A762A /* Release */ = {
			isa = XCBuildConfiguration;
			buildSettings = {
				ASSETCATALOG_COMPILER_APPICON_NAME = AppIcon;
				ASSETCATALOG_COMPILER_GLOBAL_ACCENT_COLOR_NAME = AccentColor;
				CODE_SIGN_STYLE = Automatic;
				CURRENT_PROJECT_VERSION = 1;
				DEVELOPMENT_TEAM = WNNJ4KX4AX;
				GENERATE_INFOPLIST_FILE = YES;
				INFOPLIST_FILE = "NearbyApp NLW/Info.plist";
				INFOPLIST_KEY_UIApplicationSupportsIndirectInputEvents = YES;
				INFOPLIST_KEY_UILaunchStoryboardName = SplashViewController;
				INFOPLIST_KEY_UISupportedInterfaceOrientations_iPad = "UIInterfaceOrientationPortrait UIInterfaceOrientationPortraitUpsideDown UIInterfaceOrientationLandscapeLeft UIInterfaceOrientationLandscapeRight";
				INFOPLIST_KEY_UISupportedInterfaceOrientations_iPhone = "UIInterfaceOrientationPortrait UIInterfaceOrientationLandscapeLeft UIInterfaceOrientationLandscapeRight";
				LD_RUNPATH_SEARCH_PATHS = (
					"$(inherited)",
					"@executable_path/Frameworks",
				);
				MARKETING_VERSION = 1.0;
				PRODUCT_BUNDLE_IDENTIFIER = "Abidu.NearbyApp-NLW";
				PRODUCT_NAME = "$(TARGET_NAME)";
				SWIFT_EMIT_LOC_STRINGS = YES;
				SWIFT_VERSION = 5.0;
				TARGETED_DEVICE_FAMILY = "1,2";
			};
			name = Release;
		};
/* End XCBuildConfiguration section */

/* Begin XCConfigurationList section */
		A9E7FD7A2CD93BFE001A762A /* Build configuration list for PBXProject "NearbyApp NLW" */ = {
			isa = XCConfigurationList;
			buildConfigurations = (
				A9E7FD912CD93C01001A762A /* Debug */,
				A9E7FD922CD93C01001A762A /* Release */,
			);
			defaultConfigurationIsVisible = 0;
			defaultConfigurationName = Release;
		};
		A9E7FD932CD93C01001A762A /* Build configuration list for PBXNativeTarget "NearbyApp NLW" */ = {
			isa = XCConfigurationList;
			buildConfigurations = (
				A9E7FD942CD93C01001A762A /* Debug */,
				A9E7FD952CD93C01001A762A /* Release */,
			);
			defaultConfigurationIsVisible = 0;
			defaultConfigurationName = Release;
		};
/* End XCConfigurationList section */
	};
	rootObject = A9E7FD772CD93BFE001A762A /* Project object */;
}
